// !$*UTF8*$!
{
	archiveVersion = 1;
	classes = {
	};
	objectVersion = 52;
	objects = {

/* Begin PBXBuildFile section */
		014A79771698E07CE29F8537 /* BackupViewController.swift in Sources */ = {isa = PBXBuildFile; fileRef = ED95266578BDC1B77519BA90 /* BackupViewController.swift */; };
		0913520E9DE22474F47178E9 /* FullScreenImageViewController.swift in Sources */ = {isa = PBXBuildFile; fileRef = C476DF2E0FAF4AC680C2160D /* FullScreenImageViewController.swift */; };
		091D0EC24963764C8D143664 /* ImageCardDetailViewController.swift in Sources */ = {isa = PBXBuildFile; fileRef = 77DAC93E6FD3A6C2583C46F0 /* ImageCardDetailViewController.swift */; };
		0C0F02A57126691A485CFF89 /* CardDetailViewController.swift in Sources */ = {isa = PBXBuildFile; fileRef = 3A59E64560B7346557245FFA /* CardDetailViewController.swift */; };
		0CF1639C195D572E2199D113 /* ThemePickerViewController.swift in Sources */ = {isa = PBXBuildFile; fileRef = 4CDAC5C9200B15A2043E1D00 /* ThemePickerViewController.swift */; };
		0D8AB2A38FD61C26A47F7853 /* TagsInputView.swift in Sources */ = {isa = PBXBuildFile; fileRef = 66E6C3BF68BFC7A5F44687D3 /* TagsInputView.swift */; };
		17E47A91401E960DFF7DCE9B /* DebugOverlayManager.swift in Sources */ = {isa = PBXBuildFile; fileRef = D64539BBE471B05377D8C336 /* DebugOverlayManager.swift */; };
		19F7A5A39DC838597A38E2C4 /* SceneDelegate.swift in Sources */ = {isa = PBXBuildFile; fileRef = 2F473D4568577B2585DC4B38 /* SceneDelegate.swift */; };
		19FC0DE6C76347A29F15A803 /* PinCalloutView.swift in Sources */ = {isa = PBXBuildFile; fileRef = 374A9BDC9E9CC25C8610CE2E /* PinCalloutView.swift */; };
		1BF2F81BA6F322A94CF8999B /* ImageCardOverviewViewController.swift in Sources */ = {isa = PBXBuildFile; fileRef = 34A5C8F273063AC8AE0C9405 /* ImageCardOverviewViewController.swift */; };
		1E295C1068A00192086AD7B3 /* UIViewController+Background.swift in Sources */ = {isa = PBXBuildFile; fileRef = C77016B53BE93414539B50F7 /* UIViewController+Background.swift */; };
		2A9A89F7440811229608CA46 /* CardTagPillsView.swift in Sources */ = {isa = PBXBuildFile; fileRef = A1C240DED4E210D5508BFB68 /* CardTagPillsView.swift */; };
		2CCC71FF999FF37DCAA1FAFD /* AppGroup.swift in Sources */ = {isa = PBXBuildFile; fileRef = CAAB6DB7F4618AD0280A997B /* AppGroup.swift */; };
		2FC7C9766BF5CACF7682A585 /* CoreData.framework in Frameworks */ = {isa = PBXBuildFile; fileRef = A0B2C80FF4EE654B63DEC539 /* CoreData.framework */; };
		32F83AB21A3F4D84806A7CD6 /* TodayHeaderView.swift in Sources */ = {isa = PBXBuildFile; fileRef = 786B50B0091F91DEFA59C383 /* TodayHeaderView.swift */; };
		347A4983BF7344776E2E8B9E /* FolderListViewController.swift in Sources */ = {isa = PBXBuildFile; fileRef = 33D225EB970A2AB18F0C8927 /* FolderListViewController.swift */; };
		34FDB62001AFEE19DDBD9F93 /* FolderDetailViewController.swift in Sources */ = {isa = PBXBuildFile; fileRef = FEAFB6224BB6BFC875F27185 /* FolderDetailViewController.swift */; };
		389A3BABD6F735C355471311 /* MainContainerViewController.swift in Sources */ = {isa = PBXBuildFile; fileRef = 580A8A33BFFFCE6ABC2F8B7D /* MainContainerViewController.swift */; };
		3D9F5A0F76BE2BB3CFD56A26 /* AppGroup.swift in Sources */ = {isa = PBXBuildFile; fileRef = F28EEB088E806A6A4231C6AE /* AppGroup.swift */; };
		3F89CC6B59C5C9231123836A /* TasksViewController.swift in Sources */ = {isa = PBXBuildFile; fileRef = 6A9069EF327F6F688E9DDC64 /* TasksViewController.swift */; };
		3FBBD9C957EC76CA5F130BA2 /* empty_cat.lottie in Resources */ = {isa = PBXBuildFile; fileRef = CAB7BC20E054F1FCFA4F8978 /* empty_cat.lottie */; };
		427FA47A02CD12B7B7549C52 /* WaveBackgroundView.swift in Sources */ = {isa = PBXBuildFile; fileRef = 3811B493D58F8359A3B89668 /* WaveBackgroundView.swift */; };
		43F0B7DCFCA71814191E5739 /* TodayViewController.swift in Sources */ = {isa = PBXBuildFile; fileRef = E880FB38D2E789A7BE09FD46 /* TodayViewController.swift */; };
		456D42A096E29C64F7CDCD82 /* CopyToDayViewController.swift in Sources */ = {isa = PBXBuildFile; fileRef = 3847EB514F49124182B1EF07 /* CopyToDayViewController.swift */; };
		46382AB7ADD516A51FA07694 /* Inter-Bold.ttf in Resources */ = {isa = PBXBuildFile; fileRef = BC21C03C0609694D007D41FA /* Inter-Bold.ttf */; };
		463DDE1D0E622F60DEE25408 /* Notification+FolderID.swift in Sources */ = {isa = PBXBuildFile; fileRef = 08DEF84845C12C61D2FC819E /* Notification+FolderID.swift */; };
		48B993E645C6B1E97107B5CD /* Extensions.swift in Sources */ = {isa = PBXBuildFile; fileRef = E002B3223FA9BF36D228C41B /* Extensions.swift */; };
		4F520631F9451CEF5C3AD3AC /* Lottie in Frameworks */ = {isa = PBXBuildFile; productRef = 9E535E3104FAC5065C22F072 /* Lottie */; };
		51FDB72F8BE313F3500D5D87 /* GradientBackgroundView.swift in Sources */ = {isa = PBXBuildFile; fileRef = 703D373DD7B40A169F744A73 /* GradientBackgroundView.swift */; };
		5614B8CF87077638ACDF10C5 /* UICollectionViewCell+CardAnimation.swift in Sources */ = {isa = PBXBuildFile; fileRef = 0B8D959F60E19240898D154F /* UICollectionViewCell+CardAnimation.swift */; };
		56534DD842DF2F5B6DC55366 /* Inter-SemiBold.ttf in Resources */ = {isa = PBXBuildFile; fileRef = 19BAAFFED431C0B238B4B3D4 /* Inter-SemiBold.ttf */; };
		5C52F724E6D93D5ACA7ABFCE /* UndoToastView.swift in Sources */ = {isa = PBXBuildFile; fileRef = 3BAC70D20A18A22E6F71FEAD /* UndoToastView.swift */; };
		5FDEF265B19207941B07742A /* BackgroundPickerViewController.swift in Sources */ = {isa = PBXBuildFile; fileRef = 627BB3A609BCA96D507DAB93 /* BackgroundPickerViewController.swift */; };
		5FF8EC089219B0CCA4946409 /* LinkCardCell.swift in Sources */ = {isa = PBXBuildFile; fileRef = 443F08F85AEC989A90078A36 /* LinkCardCell.swift */; };
		60A71D2059804BADC4CAFF00 /* Inter-Regular.ttf in Resources */ = {isa = PBXBuildFile; fileRef = 59B5E44E91A76D6236C3C45F /* Inter-Regular.ttf */; };
		622B5809485F24CF32153CE9 /* DayDetailViewController.swift in Sources */ = {isa = PBXBuildFile; fileRef = FAAAB911A656430E1C3C645D /* DayDetailViewController.swift */; };
		636F65E983845337BAF0E185 /* Localizable.strings in Resources */ = {isa = PBXBuildFile; fileRef = C8BC0FB4722B455D6E28399B /* Localizable.strings */; };
		64115A7CD54D5E33BCD59772 /* CalendarViewController.swift in Sources */ = {isa = PBXBuildFile; fileRef = 4B36B1E5015BA3B9506BE320 /* CalendarViewController.swift */; };
		6BCDC53EAD42F6E683446D72 /* TextCardCell.swift in Sources */ = {isa = PBXBuildFile; fileRef = 4DEE3405B5E72EBFBBE8CE25 /* TextCardCell.swift */; };
		6BDDD10584174781CBDE56D2 /* FolderStore.swift in Sources */ = {isa = PBXBuildFile; fileRef = E47856A261FEE4BAF86A52DB /* FolderStore.swift */; };
		7776FF268E95FC5F2072BAB9 /* LinkWebBottomSheetViewController.swift in Sources */ = {isa = PBXBuildFile; fileRef = 31827B5D29FEBFD2617CF68B /* LinkWebBottomSheetViewController.swift */; };
		7C69A48C083B43C8CCDCACFF /* CardStore.swift in Sources */ = {isa = PBXBuildFile; fileRef = BA4538DEE6163FBBB952F765 /* CardStore.swift */; };
		7F9846A70998F513892C8CE2 /* DayPinWidget.swift in Sources */ = {isa = PBXBuildFile; fileRef = 1FEDCDAF7D333BE6D4D2AB22 /* DayPinWidget.swift */; };
		82DFB9F7C0214D4938F94885 /* FolderImportToastView.swift in Sources */ = {isa = PBXBuildFile; fileRef = 67C68D4272903C6E4F894DA4 /* FolderImportToastView.swift */; };
		85DBE9AF9D1A55FBD3F39958 /* FolderPickerBottomSheet.swift in Sources */ = {isa = PBXBuildFile; fileRef = D7734A2130AC28F7ED06C526 /* FolderPickerBottomSheet.swift */; };
		893FD16C67BA5A9A02D92F4E /* Inter-Medium.ttf in Resources */ = {isa = PBXBuildFile; fileRef = 305599560AD81A5EF812716C /* Inter-Medium.ttf */; };
		899F4F942DC38B00B82D3DB7 /* RecentlyDeletedViewController.swift in Sources */ = {isa = PBXBuildFile; fileRef = 81DAE7537A8E80BD3AEEB091 /* RecentlyDeletedViewController.swift */; };
		8CE890641F6C80DF1B777C9D /* NotePickerViewController.swift in Sources */ = {isa = PBXBuildFile; fileRef = EAC63688E119CDA671423987 /* NotePickerViewController.swift */; };
		9336E195C0F6D1EBCBC84EB8 /* ImageAnnotationView.swift in Sources */ = {isa = PBXBuildFile; fileRef = 71DAD05804A133CE510CA797 /* ImageAnnotationView.swift */; };
		9509D565D1E1D6DBC329AFC8 /* SwiftUI.framework in Frameworks */ = {isa = PBXBuildFile; fileRef = 53F90903BC043280377D48F2 /* SwiftUI.framework */; };
		95C4A69B4CCDC065956ED4DA /* TextCardEditorViewController.swift in Sources */ = {isa = PBXBuildFile; fileRef = F60F1ADFEF2ACB76A96C5EB4 /* TextCardEditorViewController.swift */; };
		96B8A9394E18D506D35043E7 /* GlassAlert.swift in Sources */ = {isa = PBXBuildFile; fileRef = 47C62516C54AC25DFAD9892F /* GlassAlert.swift */; };
		98A375A16EBD6C7A7EBFFB58 /* CardRenderer.swift in Sources */ = {isa = PBXBuildFile; fileRef = 40A03181568ADFCA18D282AA /* CardRenderer.swift */; };
		9C6E796A7EBC8B0DDF542516 /* ReminderPickerViewController.swift in Sources */ = {isa = PBXBuildFile; fileRef = 6FECEB1A71390D21A06E5E41 /* ReminderPickerViewController.swift */; };
		9F1EBAFF3D91A5E71CB648CE /* LinkCardDetailViewController.swift in Sources */ = {isa = PBXBuildFile; fileRef = 27A5F1E6ABECBB2FF81EAA83 /* LinkCardDetailViewController.swift */; };
		A406F0465B94FDFA7430E16B /* ImageCardCell.swift in Sources */ = {isa = PBXBuildFile; fileRef = AE10EE4FDE3F272BBFDF623A /* ImageCardCell.swift */; };
		A644A6B5227AD672E65C122D /* empty_cat.json in Resources */ = {isa = PBXBuildFile; fileRef = 5C0A8232A2D1A11ED7F2CD41 /* empty_cat.json */; };
		A81528C63DBF3411F75342E4 /* PinListViewController.swift in Sources */ = {isa = PBXBuildFile; fileRef = B5BB7279FAD69E786324076A /* PinListViewController.swift */; };
		AA4FEC496D4EA9FE35E1F88F /* ImageCardEditorViewController.swift in Sources */ = {isa = PBXBuildFile; fileRef = D718FFF5FF6335D37905A1B7 /* ImageCardEditorViewController.swift */; };
		AD58B3583A00CA5C492276CF /* GlobalSearchViewController.swift in Sources */ = {isa = PBXBuildFile; fileRef = 47E4BD0248AB8E3A0BACB09C /* GlobalSearchViewController.swift */; };
		AF40BE05680485D247CE383F /* RecentPhotosPickerViewController.swift in Sources */ = {isa = PBXBuildFile; fileRef = 47F28155E6118FB515641044 /* RecentPhotosPickerViewController.swift */; };
		B8E9C80C19C9F8B2E62C3085 /* UICollectionViewCell+Selection.swift in Sources */ = {isa = PBXBuildFile; fileRef = A2AF22EB95AE7747F3A90FD3 /* UICollectionViewCell+Selection.swift */; };
		B9811ECF500C51A5DB93B810 /* FilterChipsView.swift in Sources */ = {isa = PBXBuildFile; fileRef = E4FCBEC7DE8D63AA20EF826D /* FilterChipsView.swift */; };
		BA59FF1592BD6C6886660BD6 /* WidgetKit.framework in Frameworks */ = {isa = PBXBuildFile; fileRef = 1DB67666ABF9AA2D0118E0EE /* WidgetKit.framework */; };
		BD9000384AA6D0FCC46E26E4 /* AnnotationInputPopover.swift in Sources */ = {isa = PBXBuildFile; fileRef = 26B230C0D7C49C3BF8B15A26 /* AnnotationInputPopover.swift */; };
		C0ADB63314162FDB246722CF /* DayPinWidget.appex in Embed Foundation Extensions */ = {isa = PBXBuildFile; fileRef = 3F2381976CA64FE2BE587DC3 /* DayPinWidget.appex */; settings = {ATTRIBUTES = (CodeSignOnCopy, RemoveHeadersOnCopy, ); }; };
		C1873B42E3CC0E8DD4C15CB1 /* ThemeManager.swift in Sources */ = {isa = PBXBuildFile; fileRef = D3F87653F31E1F676C6BC02F /* ThemeManager.swift */; };
		C58E6EF08FB2DF0094E7081E /* GlassActionSheet.swift in Sources */ = {isa = PBXBuildFile; fileRef = B3F7A4831ABE54AE81968955 /* GlassActionSheet.swift */; };
		C5B00C6620FAB0E214A63DDC /* WeekCalendarView.swift in Sources */ = {isa = PBXBuildFile; fileRef = 1903AE12CB3097EF9050CE37 /* WeekCalendarView.swift */; };
		C68183928E672A040932AC66 /* FolderEditorViewController.swift in Sources */ = {isa = PBXBuildFile; fileRef = 30A914DA461A375356AC698E /* FolderEditorViewController.swift */; };
		CBF583F9E49A78C93D7AC6F1 /* DayPinFont.swift in Sources */ = {isa = PBXBuildFile; fileRef = BEB697C8509F146136ED38B1 /* DayPinFont.swift */; };
		CC373B9A83339D3F19750266 /* DayPinDesign.swift in Sources */ = {isa = PBXBuildFile; fileRef = D8DFC0A641E91EA923710BEA /* DayPinDesign.swift */; };
		D398F2DA1D87CB2ACE9E7F53 /* WidgetKit.framework in Frameworks */ = {isa = PBXBuildFile; fileRef = 1DB67666ABF9AA2D0118E0EE /* WidgetKit.framework */; };
		D53DFAF042A9798705361277 /* BackupManager.swift in Sources */ = {isa = PBXBuildFile; fileRef = D780AC9E6C938E931CDA2630 /* BackupManager.swift */; };
		D81D07DC9B42AAD7CF09BDB0 /* NoteFormattingStrip.swift in Sources */ = {isa = PBXBuildFile; fileRef = 9AEB3CBCFCF80A2A154EF37A /* NoteFormattingStrip.swift */; };
		D94B674B87EE81D8BB0128D8 /* AppDelegate.swift in Sources */ = {isa = PBXBuildFile; fileRef = 71B8970D420311817204CD37 /* AppDelegate.swift */; };
		D9BDBB5063B1C61A6CF841CF /* ReminderManager.swift in Sources */ = {isa = PBXBuildFile; fileRef = 16C4E86F7D60B6BA37164A11 /* ReminderManager.swift */; };
		DCA00EAE4A0178BC463D7645 /* BackgroundManager.swift in Sources */ = {isa = PBXBuildFile; fileRef = 96922C6D1A0F8B077435CF3B /* BackgroundManager.swift */; };
		DD0BD355F2898F461E2DC411 /* UIViewController+Sheet.swift in Sources */ = {isa = PBXBuildFile; fileRef = 1D96A122F0F7F1739B2BC103 /* UIViewController+Sheet.swift */; };
		E3858F52B6C9FFD710F1479D /* AppColorScheme.swift in Sources */ = {isa = PBXBuildFile; fileRef = BA266B97302B511D50833367 /* AppColorScheme.swift */; };
		E3B2D65AC9E304579D35203C /* GlassView.swift in Sources */ = {isa = PBXBuildFile; fileRef = 8A8C73069CB8E53AFC6BFB1E /* GlassView.swift */; };
		E40B636E0E0AEC807A9FBD79 /* NoteCard.swift in Sources */ = {isa = PBXBuildFile; fileRef = 1527142EE2C7F1DC149BF280 /* NoteCard.swift */; };
		F20D82DC2A7F286EE5204A03 /* DayPinWidgetBundle.swift in Sources */ = {isa = PBXBuildFile; fileRef = 96F79E403C2CEE43858B3C3C /* DayPinWidgetBundle.swift */; };
		F2275C685F8E597EEE38845F /* CameraCardViewController.swift in Sources */ = {isa = PBXBuildFile; fileRef = 9A95455B71B513DDB85C15D6 /* CameraCardViewController.swift */; };
		F2EBE1A17A79F4EF58F9DD76 /* Assets.xcassets in Resources */ = {isa = PBXBuildFile; fileRef = 5383A449595A3EFF892A6D8A /* Assets.xcassets */; };
		F8C6E609AC44E68B0C0588DF /* LinkCardEditorViewController.swift in Sources */ = {isa = PBXBuildFile; fileRef = BEE9D8070FCA5D0C95DCF6C6 /* LinkCardEditorViewController.swift */; };
		FD36EA16A0144EDA394BB7F8 /* L10n.swift in Sources */ = {isa = PBXBuildFile; fileRef = 5B65E4AA4B0A333783B6B900 /* L10n.swift */; };
		FDDCFEE794D1480520D9E440 /* TopTabBarView.swift in Sources */ = {isa = PBXBuildFile; fileRef = 6B080356CFE849CF419087C7 /* TopTabBarView.swift */; };
		FE4006D29B8BABBF107B77F2 /* TagStore.swift in Sources */ = {isa = PBXBuildFile; fileRef = 656283854617633C21086122 /* TagStore.swift */; };
/* End PBXBuildFile section */

/* Begin PBXContainerItemProxy section */
		4048610E92A691C712548FEF /* PBXContainerItemProxy */ = {
			isa = PBXContainerItemProxy;
			containerPortal = 071A1774A6F619CE371DBBD0 /* Project object */;
			proxyType = 1;
			remoteGlobalIDString = D468055183346103EB13122B;
			remoteInfo = DayPinWidget;
		};
/* End PBXContainerItemProxy section */

/* Begin PBXCopyFilesBuildPhase section */
		480F0D91D86303C6A13B39FC /* Embed Foundation Extensions */ = {
			isa = PBXCopyFilesBuildPhase;
			buildActionMask = 2147483647;
			dstPath = "";
			dstSubfolderSpec = 13;
			files = (
				C0ADB63314162FDB246722CF /* DayPinWidget.appex in Embed Foundation Extensions */,
			);
			name = "Embed Foundation Extensions";
			runOnlyForDeploymentPostprocessing = 0;
		};
/* End PBXCopyFilesBuildPhase section */

/* Begin PBXFileReference section */
		08DEF84845C12C61D2FC819E /* Notification+FolderID.swift */ = {isa = PBXFileReference; lastKnownFileType = sourcecode.swift; path = "Notification+FolderID.swift"; sourceTree = "<group>"; };
		0B8D959F60E19240898D154F /* UICollectionViewCell+CardAnimation.swift */ = {isa = PBXFileReference; lastKnownFileType = sourcecode.swift; path = "UICollectionViewCell+CardAnimation.swift"; sourceTree = "<group>"; };
		1527142EE2C7F1DC149BF280 /* NoteCard.swift */ = {isa = PBXFileReference; lastKnownFileType = sourcecode.swift; path = NoteCard.swift; sourceTree = "<group>"; };
		16C4E86F7D60B6BA37164A11 /* ReminderManager.swift */ = {isa = PBXFileReference; lastKnownFileType = sourcecode.swift; path = ReminderManager.swift; sourceTree = "<group>"; };
		1903AE12CB3097EF9050CE37 /* WeekCalendarView.swift */ = {isa = PBXFileReference; lastKnownFileType = sourcecode.swift; path = WeekCalendarView.swift; sourceTree = "<group>"; };
		19BAAFFED431C0B238B4B3D4 /* Inter-SemiBold.ttf */ = {isa = PBXFileReference; lastKnownFileType = file; path = "Inter-SemiBold.ttf"; sourceTree = "<group>"; };
		1D96A122F0F7F1739B2BC103 /* UIViewController+Sheet.swift */ = {isa = PBXFileReference; lastKnownFileType = sourcecode.swift; path = "UIViewController+Sheet.swift"; sourceTree = "<group>"; };
		1DB67666ABF9AA2D0118E0EE /* WidgetKit.framework */ = {isa = PBXFileReference; lastKnownFileType = wrapper.framework; name = WidgetKit.framework; path = System/Library/Frameworks/WidgetKit.framework; sourceTree = SDKROOT; };
		1FEDCDAF7D333BE6D4D2AB22 /* DayPinWidget.swift */ = {isa = PBXFileReference; lastKnownFileType = sourcecode.swift; path = DayPinWidget.swift; sourceTree = "<group>"; };
		26B230C0D7C49C3BF8B15A26 /* AnnotationInputPopover.swift */ = {isa = PBXFileReference; lastKnownFileType = sourcecode.swift; path = AnnotationInputPopover.swift; sourceTree = "<group>"; };
		27A5F1E6ABECBB2FF81EAA83 /* LinkCardDetailViewController.swift */ = {isa = PBXFileReference; lastKnownFileType = sourcecode.swift; path = LinkCardDetailViewController.swift; sourceTree = "<group>"; };
		29F8412B615B3A8876B544C6 /* Info.plist */ = {isa = PBXFileReference; lastKnownFileType = text.plist; path = Info.plist; sourceTree = "<group>"; };
		2F473D4568577B2585DC4B38 /* SceneDelegate.swift */ = {isa = PBXFileReference; lastKnownFileType = sourcecode.swift; path = SceneDelegate.swift; sourceTree = "<group>"; };
		2FBA069781B691309F807EDD /* ru */ = {isa = PBXFileReference; lastKnownFileType = text.plist.strings; name = ru; path = ru.lproj/Localizable.strings; sourceTree = "<group>"; };
		305599560AD81A5EF812716C /* Inter-Medium.ttf */ = {isa = PBXFileReference; lastKnownFileType = file; path = "Inter-Medium.ttf"; sourceTree = "<group>"; };
		30A914DA461A375356AC698E /* FolderEditorViewController.swift */ = {isa = PBXFileReference; lastKnownFileType = sourcecode.swift; path = FolderEditorViewController.swift; sourceTree = "<group>"; };
		31827B5D29FEBFD2617CF68B /* LinkWebBottomSheetViewController.swift */ = {isa = PBXFileReference; lastKnownFileType = sourcecode.swift; path = LinkWebBottomSheetViewController.swift; sourceTree = "<group>"; };
		33D225EB970A2AB18F0C8927 /* FolderListViewController.swift */ = {isa = PBXFileReference; lastKnownFileType = sourcecode.swift; path = FolderListViewController.swift; sourceTree = "<group>"; };
		34A5C8F273063AC8AE0C9405 /* ImageCardOverviewViewController.swift */ = {isa = PBXFileReference; lastKnownFileType = sourcecode.swift; path = ImageCardOverviewViewController.swift; sourceTree = "<group>"; };
		374A9BDC9E9CC25C8610CE2E /* PinCalloutView.swift */ = {isa = PBXFileReference; lastKnownFileType = sourcecode.swift; path = PinCalloutView.swift; sourceTree = "<group>"; };
		3811B493D58F8359A3B89668 /* WaveBackgroundView.swift */ = {isa = PBXFileReference; lastKnownFileType = sourcecode.swift; path = WaveBackgroundView.swift; sourceTree = "<group>"; };
		3847EB514F49124182B1EF07 /* CopyToDayViewController.swift */ = {isa = PBXFileReference; lastKnownFileType = sourcecode.swift; path = CopyToDayViewController.swift; sourceTree = "<group>"; };
		3A59E64560B7346557245FFA /* CardDetailViewController.swift */ = {isa = PBXFileReference; lastKnownFileType = sourcecode.swift; path = CardDetailViewController.swift; sourceTree = "<group>"; };
		3BAC70D20A18A22E6F71FEAD /* UndoToastView.swift */ = {isa = PBXFileReference; lastKnownFileType = sourcecode.swift; path = UndoToastView.swift; sourceTree = "<group>"; };
		3F2381976CA64FE2BE587DC3 /* DayPinWidget.appex */ = {isa = PBXFileReference; explicitFileType = "wrapper.app-extension"; includeInIndex = 0; path = DayPinWidget.appex; sourceTree = BUILT_PRODUCTS_DIR; };
		40A03181568ADFCA18D282AA /* CardRenderer.swift */ = {isa = PBXFileReference; lastKnownFileType = sourcecode.swift; path = CardRenderer.swift; sourceTree = "<group>"; };
		443F08F85AEC989A90078A36 /* LinkCardCell.swift */ = {isa = PBXFileReference; lastKnownFileType = sourcecode.swift; path = LinkCardCell.swift; sourceTree = "<group>"; };
		47C62516C54AC25DFAD9892F /* GlassAlert.swift */ = {isa = PBXFileReference; lastKnownFileType = sourcecode.swift; path = GlassAlert.swift; sourceTree = "<group>"; };
		47E4BD0248AB8E3A0BACB09C /* GlobalSearchViewController.swift */ = {isa = PBXFileReference; lastKnownFileType = sourcecode.swift; path = GlobalSearchViewController.swift; sourceTree = "<group>"; };
		47F28155E6118FB515641044 /* RecentPhotosPickerViewController.swift */ = {isa = PBXFileReference; lastKnownFileType = sourcecode.swift; path = RecentPhotosPickerViewController.swift; sourceTree = "<group>"; };
		4B36B1E5015BA3B9506BE320 /* CalendarViewController.swift */ = {isa = PBXFileReference; lastKnownFileType = sourcecode.swift; path = CalendarViewController.swift; sourceTree = "<group>"; };
		4CDAC5C9200B15A2043E1D00 /* ThemePickerViewController.swift */ = {isa = PBXFileReference; lastKnownFileType = sourcecode.swift; path = ThemePickerViewController.swift; sourceTree = "<group>"; };
		4DEE3405B5E72EBFBBE8CE25 /* TextCardCell.swift */ = {isa = PBXFileReference; lastKnownFileType = sourcecode.swift; path = TextCardCell.swift; sourceTree = "<group>"; };
		5383A449595A3EFF892A6D8A /* Assets.xcassets */ = {isa = PBXFileReference; lastKnownFileType = folder.assetcatalog; path = Assets.xcassets; sourceTree = "<group>"; };
		53F90903BC043280377D48F2 /* SwiftUI.framework */ = {isa = PBXFileReference; lastKnownFileType = wrapper.framework; name = SwiftUI.framework; path = System/Library/Frameworks/SwiftUI.framework; sourceTree = SDKROOT; };
		580A8A33BFFFCE6ABC2F8B7D /* MainContainerViewController.swift */ = {isa = PBXFileReference; lastKnownFileType = sourcecode.swift; path = MainContainerViewController.swift; sourceTree = "<group>"; };
		59B5E44E91A76D6236C3C45F /* Inter-Regular.ttf */ = {isa = PBXFileReference; lastKnownFileType = file; path = "Inter-Regular.ttf"; sourceTree = "<group>"; };
		5B65E4AA4B0A333783B6B900 /* L10n.swift */ = {isa = PBXFileReference; lastKnownFileType = sourcecode.swift; path = L10n.swift; sourceTree = "<group>"; };
		5C0A8232A2D1A11ED7F2CD41 /* empty_cat.json */ = {isa = PBXFileReference; lastKnownFileType = text.json; path = empty_cat.json; sourceTree = "<group>"; };
		627BB3A609BCA96D507DAB93 /* BackgroundPickerViewController.swift */ = {isa = PBXFileReference; lastKnownFileType = sourcecode.swift; path = BackgroundPickerViewController.swift; sourceTree = "<group>"; };
		656283854617633C21086122 /* TagStore.swift */ = {isa = PBXFileReference; lastKnownFileType = sourcecode.swift; path = TagStore.swift; sourceTree = "<group>"; };
		66E6C3BF68BFC7A5F44687D3 /* TagsInputView.swift */ = {isa = PBXFileReference; lastKnownFileType = sourcecode.swift; path = TagsInputView.swift; sourceTree = "<group>"; };
		671665AEA93EFD882C9932B0 /* DayPin.entitlements */ = {isa = PBXFileReference; lastKnownFileType = text.plist.entitlements; path = DayPin.entitlements; sourceTree = "<group>"; };
		67C68D4272903C6E4F894DA4 /* FolderImportToastView.swift */ = {isa = PBXFileReference; lastKnownFileType = sourcecode.swift; path = FolderImportToastView.swift; sourceTree = "<group>"; };
		6A9069EF327F6F688E9DDC64 /* TasksViewController.swift */ = {isa = PBXFileReference; lastKnownFileType = sourcecode.swift; path = TasksViewController.swift; sourceTree = "<group>"; };
		6B080356CFE849CF419087C7 /* TopTabBarView.swift */ = {isa = PBXFileReference; lastKnownFileType = sourcecode.swift; path = TopTabBarView.swift; sourceTree = "<group>"; };
		6FECEB1A71390D21A06E5E41 /* ReminderPickerViewController.swift */ = {isa = PBXFileReference; lastKnownFileType = sourcecode.swift; path = ReminderPickerViewController.swift; sourceTree = "<group>"; };
		703D373DD7B40A169F744A73 /* GradientBackgroundView.swift */ = {isa = PBXFileReference; lastKnownFileType = sourcecode.swift; path = GradientBackgroundView.swift; sourceTree = "<group>"; };
		71B8970D420311817204CD37 /* AppDelegate.swift */ = {isa = PBXFileReference; lastKnownFileType = sourcecode.swift; path = AppDelegate.swift; sourceTree = "<group>"; };
		71DAD05804A133CE510CA797 /* ImageAnnotationView.swift */ = {isa = PBXFileReference; lastKnownFileType = sourcecode.swift; path = ImageAnnotationView.swift; sourceTree = "<group>"; };
		76FF200235EC1B4AA99FBA8F /* DayPinWidget.entitlements */ = {isa = PBXFileReference; lastKnownFileType = text.plist.entitlements; path = DayPinWidget.entitlements; sourceTree = "<group>"; };
		77DAC93E6FD3A6C2583C46F0 /* ImageCardDetailViewController.swift */ = {isa = PBXFileReference; lastKnownFileType = sourcecode.swift; path = ImageCardDetailViewController.swift; sourceTree = "<group>"; };
		786B50B0091F91DEFA59C383 /* TodayHeaderView.swift */ = {isa = PBXFileReference; lastKnownFileType = sourcecode.swift; path = TodayHeaderView.swift; sourceTree = "<group>"; };
		81DAE7537A8E80BD3AEEB091 /* RecentlyDeletedViewController.swift */ = {isa = PBXFileReference; lastKnownFileType = sourcecode.swift; path = RecentlyDeletedViewController.swift; sourceTree = "<group>"; };
		8A8C73069CB8E53AFC6BFB1E /* GlassView.swift */ = {isa = PBXFileReference; lastKnownFileType = sourcecode.swift; path = GlassView.swift; sourceTree = "<group>"; };
		96922C6D1A0F8B077435CF3B /* BackgroundManager.swift */ = {isa = PBXFileReference; lastKnownFileType = sourcecode.swift; path = BackgroundManager.swift; sourceTree = "<group>"; };
		96F79E403C2CEE43858B3C3C /* DayPinWidgetBundle.swift */ = {isa = PBXFileReference; lastKnownFileType = sourcecode.swift; path = DayPinWidgetBundle.swift; sourceTree = "<group>"; };
		9A95455B71B513DDB85C15D6 /* CameraCardViewController.swift */ = {isa = PBXFileReference; lastKnownFileType = sourcecode.swift; path = CameraCardViewController.swift; sourceTree = "<group>"; };
		9AEB3CBCFCF80A2A154EF37A /* NoteFormattingStrip.swift */ = {isa = PBXFileReference; lastKnownFileType = sourcecode.swift; path = NoteFormattingStrip.swift; sourceTree = "<group>"; };
		A0B2C80FF4EE654B63DEC539 /* CoreData.framework */ = {isa = PBXFileReference; lastKnownFileType = wrapper.framework; name = CoreData.framework; path = System/Library/Frameworks/CoreData.framework; sourceTree = SDKROOT; };
		A1C240DED4E210D5508BFB68 /* CardTagPillsView.swift */ = {isa = PBXFileReference; lastKnownFileType = sourcecode.swift; path = CardTagPillsView.swift; sourceTree = "<group>"; };
		A2AF22EB95AE7747F3A90FD3 /* UICollectionViewCell+Selection.swift */ = {isa = PBXFileReference; lastKnownFileType = sourcecode.swift; path = "UICollectionViewCell+Selection.swift"; sourceTree = "<group>"; };
		AE10EE4FDE3F272BBFDF623A /* ImageCardCell.swift */ = {isa = PBXFileReference; lastKnownFileType = sourcecode.swift; path = ImageCardCell.swift; sourceTree = "<group>"; };
		B3F7A4831ABE54AE81968955 /* GlassActionSheet.swift */ = {isa = PBXFileReference; lastKnownFileType = sourcecode.swift; path = GlassActionSheet.swift; sourceTree = "<group>"; };
		B5BB7279FAD69E786324076A /* PinListViewController.swift */ = {isa = PBXFileReference; lastKnownFileType = sourcecode.swift; path = PinListViewController.swift; sourceTree = "<group>"; };
		BA266B97302B511D50833367 /* AppColorScheme.swift */ = {isa = PBXFileReference; lastKnownFileType = sourcecode.swift; path = AppColorScheme.swift; sourceTree = "<group>"; };
		BA4538DEE6163FBBB952F765 /* CardStore.swift */ = {isa = PBXFileReference; lastKnownFileType = sourcecode.swift; path = CardStore.swift; sourceTree = "<group>"; };
		BC21C03C0609694D007D41FA /* Inter-Bold.ttf */ = {isa = PBXFileReference; lastKnownFileType = file; path = "Inter-Bold.ttf"; sourceTree = "<group>"; };
		BEB697C8509F146136ED38B1 /* DayPinFont.swift */ = {isa = PBXFileReference; lastKnownFileType = sourcecode.swift; path = DayPinFont.swift; sourceTree = "<group>"; };
		BEE9D8070FCA5D0C95DCF6C6 /* LinkCardEditorViewController.swift */ = {isa = PBXFileReference; lastKnownFileType = sourcecode.swift; path = LinkCardEditorViewController.swift; sourceTree = "<group>"; };
		C476DF2E0FAF4AC680C2160D /* FullScreenImageViewController.swift */ = {isa = PBXFileReference; lastKnownFileType = sourcecode.swift; path = FullScreenImageViewController.swift; sourceTree = "<group>"; };
		C77016B53BE93414539B50F7 /* UIViewController+Background.swift */ = {isa = PBXFileReference; lastKnownFileType = sourcecode.swift; path = "UIViewController+Background.swift"; sourceTree = "<group>"; };
		CAAB6DB7F4618AD0280A997B /* AppGroup.swift */ = {isa = PBXFileReference; lastKnownFileType = sourcecode.swift; path = AppGroup.swift; sourceTree = "<group>"; };
		CAB7BC20E054F1FCFA4F8978 /* empty_cat.lottie */ = {isa = PBXFileReference; lastKnownFileType = file; path = empty_cat.lottie; sourceTree = "<group>"; };
		CB27345B79A1478C6625C834 /* en */ = {isa = PBXFileReference; lastKnownFileType = text.plist.strings; name = en; path = en.lproj/Localizable.strings; sourceTree = "<group>"; };
		CBFA918314AD44DBBBA6F663 /* DayPin.app */ = {isa = PBXFileReference; explicitFileType = wrapper.application; includeInIndex = 0; path = DayPin.app; sourceTree = BUILT_PRODUCTS_DIR; };
		D3F87653F31E1F676C6BC02F /* ThemeManager.swift */ = {isa = PBXFileReference; lastKnownFileType = sourcecode.swift; path = ThemeManager.swift; sourceTree = "<group>"; };
		D64539BBE471B05377D8C336 /* DebugOverlayManager.swift */ = {isa = PBXFileReference; lastKnownFileType = sourcecode.swift; path = DebugOverlayManager.swift; sourceTree = "<group>"; };
		D718FFF5FF6335D37905A1B7 /* ImageCardEditorViewController.swift */ = {isa = PBXFileReference; lastKnownFileType = sourcecode.swift; path = ImageCardEditorViewController.swift; sourceTree = "<group>"; };
		D7734A2130AC28F7ED06C526 /* FolderPickerBottomSheet.swift */ = {isa = PBXFileReference; lastKnownFileType = sourcecode.swift; path = FolderPickerBottomSheet.swift; sourceTree = "<group>"; };
		D780AC9E6C938E931CDA2630 /* BackupManager.swift */ = {isa = PBXFileReference; lastKnownFileType = sourcecode.swift; path = BackupManager.swift; sourceTree = "<group>"; };
		D8DFC0A641E91EA923710BEA /* DayPinDesign.swift */ = {isa = PBXFileReference; lastKnownFileType = sourcecode.swift; path = DayPinDesign.swift; sourceTree = "<group>"; };
		E002B3223FA9BF36D228C41B /* Extensions.swift */ = {isa = PBXFileReference; lastKnownFileType = sourcecode.swift; path = Extensions.swift; sourceTree = "<group>"; };
		E47856A261FEE4BAF86A52DB /* FolderStore.swift */ = {isa = PBXFileReference; lastKnownFileType = sourcecode.swift; path = FolderStore.swift; sourceTree = "<group>"; };
		E4FCBEC7DE8D63AA20EF826D /* FilterChipsView.swift */ = {isa = PBXFileReference; lastKnownFileType = sourcecode.swift; path = FilterChipsView.swift; sourceTree = "<group>"; };
		E880FB38D2E789A7BE09FD46 /* TodayViewController.swift */ = {isa = PBXFileReference; lastKnownFileType = sourcecode.swift; path = TodayViewController.swift; sourceTree = "<group>"; };
		EAC63688E119CDA671423987 /* NotePickerViewController.swift */ = {isa = PBXFileReference; lastKnownFileType = sourcecode.swift; path = NotePickerViewController.swift; sourceTree = "<group>"; };
		ED95266578BDC1B77519BA90 /* BackupViewController.swift */ = {isa = PBXFileReference; lastKnownFileType = sourcecode.swift; path = BackupViewController.swift; sourceTree = "<group>"; };
		F277F3151511EA6DB565F633 /* Info.plist */ = {isa = PBXFileReference; lastKnownFileType = text.plist; path = Info.plist; sourceTree = "<group>"; };
		F28EEB088E806A6A4231C6AE /* AppGroup.swift */ = {isa = PBXFileReference; lastKnownFileType = sourcecode.swift; path = AppGroup.swift; sourceTree = "<group>"; };
		F60F1ADFEF2ACB76A96C5EB4 /* TextCardEditorViewController.swift */ = {isa = PBXFileReference; lastKnownFileType = sourcecode.swift; path = TextCardEditorViewController.swift; sourceTree = "<group>"; };
		FAAAB911A656430E1C3C645D /* DayDetailViewController.swift */ = {isa = PBXFileReference; lastKnownFileType = sourcecode.swift; path = DayDetailViewController.swift; sourceTree = "<group>"; };
		FEAFB6224BB6BFC875F27185 /* FolderDetailViewController.swift */ = {isa = PBXFileReference; lastKnownFileType = sourcecode.swift; path = FolderDetailViewController.swift; sourceTree = "<group>"; };
/* End PBXFileReference section */

/* Begin PBXFrameworksBuildPhase section */
		00E5D4C0E4884401B18382E8 /* Frameworks */ = {
			isa = PBXFrameworksBuildPhase;
			buildActionMask = 2147483647;
			files = (
				BA59FF1592BD6C6886660BD6 /* WidgetKit.framework in Frameworks */,
				9509D565D1E1D6DBC329AFC8 /* SwiftUI.framework in Frameworks */,
			);
			runOnlyForDeploymentPostprocessing = 0;
		};
		D65A4EE0BA4BFB6BDB22CD11 /* Frameworks */ = {
			isa = PBXFrameworksBuildPhase;
			buildActionMask = 2147483647;
			files = (
				2FC7C9766BF5CACF7682A585 /* CoreData.framework in Frameworks */,
				D398F2DA1D87CB2ACE9E7F53 /* WidgetKit.framework in Frameworks */,
				4F520631F9451CEF5C3AD3AC /* Lottie in Frameworks */,
			);
			runOnlyForDeploymentPostprocessing = 0;
		};
/* End PBXFrameworksBuildPhase section */

/* Begin PBXGroup section */
		01B2D68BBAE25F21472F265D /* Frameworks */ = {
			isa = PBXGroup;
			children = (
				A0B2C80FF4EE654B63DEC539 /* CoreData.framework */,
				53F90903BC043280377D48F2 /* SwiftUI.framework */,
				1DB67666ABF9AA2D0118E0EE /* WidgetKit.framework */,
			);
			name = Frameworks;
			sourceTree = "<group>";
		};
		01F99CD4110ADEF67EC27A5B /* UI */ = {
			isa = PBXGroup;
			children = (
				A15F48BFD05DA6AD4B929A2D /* Cards */,
				F9F293ADFAC970943A63E9D0 /* Components */,
				9EAFBC60FE72917D4F4AAE40 /* DesignSystem */,
				3558A25811901DBA441C2141 /* GlassEffect */,
				88CF58678747ABAADD694FE3 /* ImageAnnotation */,
				A088300E25FD5D9477C5E280 /* TopTabBar */,
			);
			path = UI;
			sourceTree = "<group>";
		};
		0C39904130F401381AF95927 /* Folders */ = {
			isa = PBXGroup;
			children = (
				FEAFB6224BB6BFC875F27185 /* FolderDetailViewController.swift */,
				30A914DA461A375356AC698E /* FolderEditorViewController.swift */,
				33D225EB970A2AB18F0C8927 /* FolderListViewController.swift */,
				D7734A2130AC28F7ED06C526 /* FolderPickerBottomSheet.swift */,
				EAC63688E119CDA671423987 /* NotePickerViewController.swift */,
			);
			path = Folders;
			sourceTree = "<group>";
		};
		0CD1B327EB9D2E5D636C46AB /* Services */ = {
			isa = PBXGroup;
			children = (
				40A03181568ADFCA18D282AA /* CardRenderer.swift */,
				16C4E86F7D60B6BA37164A11 /* ReminderManager.swift */,
			);
			path = Services;
			sourceTree = "<group>";
		};
		185EBA65B19AE236779AE3A3 /* AddCard */ = {
			isa = PBXGroup;
			children = (
				9A95455B71B513DDB85C15D6 /* CameraCardViewController.swift */,
				3847EB514F49124182B1EF07 /* CopyToDayViewController.swift */,
				D718FFF5FF6335D37905A1B7 /* ImageCardEditorViewController.swift */,
				BEE9D8070FCA5D0C95DCF6C6 /* LinkCardEditorViewController.swift */,
				47F28155E6118FB515641044 /* RecentPhotosPickerViewController.swift */,
				F60F1ADFEF2ACB76A96C5EB4 /* TextCardEditorViewController.swift */,
			);
			path = AddCard;
			sourceTree = "<group>";
		};
		27BDBA77BD04F712825BD238 /* Shared */ = {
			isa = PBXGroup;
			children = (
				F28EEB088E806A6A4231C6AE /* AppGroup.swift */,
				08DEF84845C12C61D2FC819E /* Notification+FolderID.swift */,
			);
			path = Shared;
			sourceTree = "<group>";
		};
		30C13C36E029AC6962C257AD /* Resources */ = {
			isa = PBXGroup;
			children = (
				AD8E6DBEC33069B8D25B06FF /* Animations */,
				84F60D2604453B203F0A301D /* Fonts */,
				5383A449595A3EFF892A6D8A /* Assets.xcassets */,
			);
			path = Resources;
			sourceTree = "<group>";
		};
		3558A25811901DBA441C2141 /* GlassEffect */ = {
			isa = PBXGroup;
			children = (
				8A8C73069CB8E53AFC6BFB1E /* GlassView.swift */,
			);
			path = GlassEffect;
			sourceTree = "<group>";
		};
		46DB90B41B2408202D4CA619 /* Storage */ = {
			isa = PBXGroup;
			children = (
				D780AC9E6C938E931CDA2630 /* BackupManager.swift */,
				BA4538DEE6163FBBB952F765 /* CardStore.swift */,
				E47856A261FEE4BAF86A52DB /* FolderStore.swift */,
				656283854617633C21086122 /* TagStore.swift */,
			);
			path = Storage;
			sourceTree = "<group>";
		};
		56F3C8C638C17E05757FCF2D /* Modules */ = {
			isa = PBXGroup;
			children = (
				185EBA65B19AE236779AE3A3 /* AddCard */,
				58655852487896278F359AC6 /* Calendar */,
				0C39904130F401381AF95927 /* Folders */,
				FEEAB98F3F491BB98667F9B4 /* Onboarding */,
				B47908CE79068CCBAD479C7E /* Settings */,
				D78CD39029862957858D20A5 /* Tasks */,
				72F1B04CA8508F9CD0ECDF81 /* Today */,
			);
			path = Modules;
			sourceTree = "<group>";
		};
		58655852487896278F359AC6 /* Calendar */ = {
			isa = PBXGroup;
			children = (
				4B36B1E5015BA3B9506BE320 /* CalendarViewController.swift */,
				FAAAB911A656430E1C3C645D /* DayDetailViewController.swift */,
			);
			path = Calendar;
			sourceTree = "<group>";
		};
		72F1B04CA8508F9CD0ECDF81 /* Today */ = {
			isa = PBXGroup;
			children = (
				3A59E64560B7346557245FFA /* CardDetailViewController.swift */,
				C476DF2E0FAF4AC680C2160D /* FullScreenImageViewController.swift */,
				47E4BD0248AB8E3A0BACB09C /* GlobalSearchViewController.swift */,
				77DAC93E6FD3A6C2583C46F0 /* ImageCardDetailViewController.swift */,
				34A5C8F273063AC8AE0C9405 /* ImageCardOverviewViewController.swift */,
				27A5F1E6ABECBB2FF81EAA83 /* LinkCardDetailViewController.swift */,
				31827B5D29FEBFD2617CF68B /* LinkWebBottomSheetViewController.swift */,
				B5BB7279FAD69E786324076A /* PinListViewController.swift */,
				81DAE7537A8E80BD3AEEB091 /* RecentlyDeletedViewController.swift */,
				786B50B0091F91DEFA59C383 /* TodayHeaderView.swift */,
				E880FB38D2E789A7BE09FD46 /* TodayViewController.swift */,
			);
			path = Today;
			sourceTree = "<group>";
		};
		84F60D2604453B203F0A301D /* Fonts */ = {
			isa = PBXGroup;
			children = (
				BC21C03C0609694D007D41FA /* Inter-Bold.ttf */,
				305599560AD81A5EF812716C /* Inter-Medium.ttf */,
				59B5E44E91A76D6236C3C45F /* Inter-Regular.ttf */,
				19BAAFFED431C0B238B4B3D4 /* Inter-SemiBold.ttf */,
			);
			path = Fonts;
			sourceTree = "<group>";
		};
		88CF58678747ABAADD694FE3 /* ImageAnnotation */ = {
			isa = PBXGroup;
			children = (
				26B230C0D7C49C3BF8B15A26 /* AnnotationInputPopover.swift */,
				71DAD05804A133CE510CA797 /* ImageAnnotationView.swift */,
				374A9BDC9E9CC25C8610CE2E /* PinCalloutView.swift */,
			);
			path = ImageAnnotation;
			sourceTree = "<group>";
		};
		9D5A398C56AD8E9CFD8B5FA4 /* Models */ = {
			isa = PBXGroup;
			children = (
				1527142EE2C7F1DC149BF280 /* NoteCard.swift */,
			);
			path = Models;
			sourceTree = "<group>";
		};
		9EAFBC60FE72917D4F4AAE40 /* DesignSystem */ = {
			isa = PBXGroup;
			children = (
				BA266B97302B511D50833367 /* AppColorScheme.swift */,
				D8DFC0A641E91EA923710BEA /* DayPinDesign.swift */,
				BEB697C8509F146136ED38B1 /* DayPinFont.swift */,
				3811B493D58F8359A3B89668 /* WaveBackgroundView.swift */,
			);
			path = DesignSystem;
			sourceTree = "<group>";
		};
		A088300E25FD5D9477C5E280 /* TopTabBar */ = {
			isa = PBXGroup;
			children = (
				580A8A33BFFFCE6ABC2F8B7D /* MainContainerViewController.swift */,
				6B080356CFE849CF419087C7 /* TopTabBarView.swift */,
			);
			path = TopTabBar;
			sourceTree = "<group>";
		};
		A15F48BFD05DA6AD4B929A2D /* Cards */ = {
			isa = PBXGroup;
			children = (
				AE10EE4FDE3F272BBFDF623A /* ImageCardCell.swift */,
				443F08F85AEC989A90078A36 /* LinkCardCell.swift */,
				4DEE3405B5E72EBFBBE8CE25 /* TextCardCell.swift */,
			);
			path = Cards;
			sourceTree = "<group>";
		};
		A426DB448F77FA5D28BDDBB0 /* DayPinWidget */ = {
			isa = PBXGroup;
			children = (
				CAAB6DB7F4618AD0280A997B /* AppGroup.swift */,
				76FF200235EC1B4AA99FBA8F /* DayPinWidget.entitlements */,
				1FEDCDAF7D333BE6D4D2AB22 /* DayPinWidget.swift */,
				96F79E403C2CEE43858B3C3C /* DayPinWidgetBundle.swift */,
				29F8412B615B3A8876B544C6 /* Info.plist */,
			);
			path = DayPinWidget;
			sourceTree = "<group>";
		};
		AA9688CED2AA6B6E61B329EB /* DayPin */ = {
			isa = PBXGroup;
			children = (
				E070BFEC036370B289667F3C /* App */,
				9D5A398C56AD8E9CFD8B5FA4 /* Models */,
				56F3C8C638C17E05757FCF2D /* Modules */,
				30C13C36E029AC6962C257AD /* Resources */,
				0CD1B327EB9D2E5D636C46AB /* Services */,
				27BDBA77BD04F712825BD238 /* Shared */,
				46DB90B41B2408202D4CA619 /* Storage */,
				01F99CD4110ADEF67EC27A5B /* UI */,
				671665AEA93EFD882C9932B0 /* DayPin.entitlements */,
				F277F3151511EA6DB565F633 /* Info.plist */,
				C8BC0FB4722B455D6E28399B /* Localizable.strings */,
			);
			path = DayPin;
			sourceTree = "<group>";
		};
		AD8E6DBEC33069B8D25B06FF /* Animations */ = {
			isa = PBXGroup;
			children = (
				5C0A8232A2D1A11ED7F2CD41 /* empty_cat.json */,
				CAB7BC20E054F1FCFA4F8978 /* empty_cat.lottie */,
			);
			path = Animations;
			sourceTree = "<group>";
		};
		B4545D9A2EE82FF6A091D6AF /* Products */ = {
			isa = PBXGroup;
			children = (
				CBFA918314AD44DBBBA6F663 /* DayPin.app */,
				3F2381976CA64FE2BE587DC3 /* DayPinWidget.appex */,
			);
			name = Products;
			sourceTree = "<group>";
		};
		B47908CE79068CCBAD479C7E /* Settings */ = {
			isa = PBXGroup;
			children = (
				627BB3A609BCA96D507DAB93 /* BackgroundPickerViewController.swift */,
				ED95266578BDC1B77519BA90 /* BackupViewController.swift */,
				4CDAC5C9200B15A2043E1D00 /* ThemePickerViewController.swift */,
			);
			path = Settings;
			sourceTree = "<group>";
		};
		D78CD39029862957858D20A5 /* Tasks */ = {
			isa = PBXGroup;
			children = (
				6A9069EF327F6F688E9DDC64 /* TasksViewController.swift */,
			);
			path = Tasks;
			sourceTree = "<group>";
		};
		E070BFEC036370B289667F3C /* App */ = {
			isa = PBXGroup;
			children = (
				71B8970D420311817204CD37 /* AppDelegate.swift */,
				96922C6D1A0F8B077435CF3B /* BackgroundManager.swift */,
				D64539BBE471B05377D8C336 /* DebugOverlayManager.swift */,
				E002B3223FA9BF36D228C41B /* Extensions.swift */,
				5B65E4AA4B0A333783B6B900 /* L10n.swift */,
				2F473D4568577B2585DC4B38 /* SceneDelegate.swift */,
				D3F87653F31E1F676C6BC02F /* ThemeManager.swift */,
			);
			path = App;
			sourceTree = "<group>";
		};
		F9728C1D67BD8E311E602E3D = {
			isa = PBXGroup;
			children = (
				AA9688CED2AA6B6E61B329EB /* DayPin */,
				A426DB448F77FA5D28BDDBB0 /* DayPinWidget */,
				01B2D68BBAE25F21472F265D /* Frameworks */,
				B4545D9A2EE82FF6A091D6AF /* Products */,
			);
			sourceTree = "<group>";
		};
		F9F293ADFAC970943A63E9D0 /* Components */ = {
			isa = PBXGroup;
			children = (
				A1C240DED4E210D5508BFB68 /* CardTagPillsView.swift */,
				E4FCBEC7DE8D63AA20EF826D /* FilterChipsView.swift */,
				67C68D4272903C6E4F894DA4 /* FolderImportToastView.swift */,
				B3F7A4831ABE54AE81968955 /* GlassActionSheet.swift */,
				47C62516C54AC25DFAD9892F /* GlassAlert.swift */,
				703D373DD7B40A169F744A73 /* GradientBackgroundView.swift */,
				9AEB3CBCFCF80A2A154EF37A /* NoteFormattingStrip.swift */,
				6FECEB1A71390D21A06E5E41 /* ReminderPickerViewController.swift */,
				66E6C3BF68BFC7A5F44687D3 /* TagsInputView.swift */,
				0B8D959F60E19240898D154F /* UICollectionViewCell+CardAnimation.swift */,
				A2AF22EB95AE7747F3A90FD3 /* UICollectionViewCell+Selection.swift */,
				C77016B53BE93414539B50F7 /* UIViewController+Background.swift */,
				1D96A122F0F7F1739B2BC103 /* UIViewController+Sheet.swift */,
				3BAC70D20A18A22E6F71FEAD /* UndoToastView.swift */,
				1903AE12CB3097EF9050CE37 /* WeekCalendarView.swift */,
			);
			path = Components;
			sourceTree = "<group>";
		};
		FEEAB98F3F491BB98667F9B4 /* Onboarding */ = {
			isa = PBXGroup;
			children = (
			);
			path = Onboarding;
			sourceTree = "<group>";
		};
/* End PBXGroup section */

/* Begin PBXNativeTarget section */
		4F3A66C9CF93FDD87B42D3EA /* DayPin */ = {
			isa = PBXNativeTarget;
			buildConfigurationList = 85EE647AB088CC55CDD4FB7A /* Build configuration list for PBXNativeTarget "DayPin" */;
			buildPhases = (
				6797B6CE518E5958AFB2161B /* Sources */,
				4EBEB4B249DDCD0B34E8B37C /* Resources */,
				D65A4EE0BA4BFB6BDB22CD11 /* Frameworks */,
				480F0D91D86303C6A13B39FC /* Embed Foundation Extensions */,
			);
			buildRules = (
			);
			dependencies = (
				28C53A4DACAA22F2AD7B635D /* PBXTargetDependency */,
			);
			name = DayPin;
			packageProductDependencies = (
				9E535E3104FAC5065C22F072 /* Lottie */,
			);
			productName = DayPin;
			productReference = CBFA918314AD44DBBBA6F663 /* DayPin.app */;
			productType = "com.apple.product-type.application";
		};
		D468055183346103EB13122B /* DayPinWidget */ = {
			isa = PBXNativeTarget;
			buildConfigurationList = B2B246A212A2ADC09C5E68D7 /* Build configuration list for PBXNativeTarget "DayPinWidget" */;
			buildPhases = (
				71900C3C708E9EB57F5B175B /* Sources */,
				00E5D4C0E4884401B18382E8 /* Frameworks */,
			);
			buildRules = (
			);
			dependencies = (
			);
			name = DayPinWidget;
			productName = DayPinWidget;
			productReference = 3F2381976CA64FE2BE587DC3 /* DayPinWidget.appex */;
			productType = "com.apple.product-type.app-extension";
		};
/* End PBXNativeTarget section */

/* Begin PBXProject section */
		071A1774A6F619CE371DBBD0 /* Project object */ = {
			isa = PBXProject;
			attributes = {
				LastUpgradeCheck = 1500;
			};
			buildConfigurationList = C7D2A8DE2B1AF87B46A40774 /* Build configuration list for PBXProject "DayPin" */;
			compatibilityVersion = "Xcode 11.0";
			developmentRegion = en;
			hasScannedForEncodings = 0;
			knownRegions = (
				Base,
				en,
				ru,
			);
			mainGroup = F9728C1D67BD8E311E602E3D;
			packageReferences = (
				38A5386F0D9EC2B9255B4642 /* XCRemoteSwiftPackageReference "lottie-ios" */,
			);
			projectDirPath = "";
			projectRoot = "";
			targets = (
				4F3A66C9CF93FDD87B42D3EA /* DayPin */,
				D468055183346103EB13122B /* DayPinWidget */,
			);
		};
/* End PBXProject section */

/* Begin PBXResourcesBuildPhase section */
		4EBEB4B249DDCD0B34E8B37C /* Resources */ = {
			isa = PBXResourcesBuildPhase;
			buildActionMask = 2147483647;
			files = (
				F2EBE1A17A79F4EF58F9DD76 /* Assets.xcassets in Resources */,
				46382AB7ADD516A51FA07694 /* Inter-Bold.ttf in Resources */,
				893FD16C67BA5A9A02D92F4E /* Inter-Medium.ttf in Resources */,
				60A71D2059804BADC4CAFF00 /* Inter-Regular.ttf in Resources */,
				56534DD842DF2F5B6DC55366 /* Inter-SemiBold.ttf in Resources */,
				636F65E983845337BAF0E185 /* Localizable.strings in Resources */,
				A644A6B5227AD672E65C122D /* empty_cat.json in Resources */,
				3FBBD9C957EC76CA5F130BA2 /* empty_cat.lottie in Resources */,
			);
			runOnlyForDeploymentPostprocessing = 0;
		};
/* End PBXResourcesBuildPhase section */

/* Begin PBXSourcesBuildPhase section */
		6797B6CE518E5958AFB2161B /* Sources */ = {
			isa = PBXSourcesBuildPhase;
			buildActionMask = 2147483647;
			files = (
				BD9000384AA6D0FCC46E26E4 /* AnnotationInputPopover.swift in Sources */,
				E3858F52B6C9FFD710F1479D /* AppColorScheme.swift in Sources */,
				D94B674B87EE81D8BB0128D8 /* AppDelegate.swift in Sources */,
				3D9F5A0F76BE2BB3CFD56A26 /* AppGroup.swift in Sources */,
				DCA00EAE4A0178BC463D7645 /* BackgroundManager.swift in Sources */,
				5FDEF265B19207941B07742A /* BackgroundPickerViewController.swift in Sources */,
				D53DFAF042A9798705361277 /* BackupManager.swift in Sources */,
				014A79771698E07CE29F8537 /* BackupViewController.swift in Sources */,
				64115A7CD54D5E33BCD59772 /* CalendarViewController.swift in Sources */,
				F2275C685F8E597EEE38845F /* CameraCardViewController.swift in Sources */,
				0C0F02A57126691A485CFF89 /* CardDetailViewController.swift in Sources */,
				98A375A16EBD6C7A7EBFFB58 /* CardRenderer.swift in Sources */,
				7C69A48C083B43C8CCDCACFF /* CardStore.swift in Sources */,
				2A9A89F7440811229608CA46 /* CardTagPillsView.swift in Sources */,
				456D42A096E29C64F7CDCD82 /* CopyToDayViewController.swift in Sources */,
				622B5809485F24CF32153CE9 /* DayDetailViewController.swift in Sources */,
				CC373B9A83339D3F19750266 /* DayPinDesign.swift in Sources */,
				CBF583F9E49A78C93D7AC6F1 /* DayPinFont.swift in Sources */,
				17E47A91401E960DFF7DCE9B /* DebugOverlayManager.swift in Sources */,
				48B993E645C6B1E97107B5CD /* Extensions.swift in Sources */,
				B9811ECF500C51A5DB93B810 /* FilterChipsView.swift in Sources */,
				34FDB62001AFEE19DDBD9F93 /* FolderDetailViewController.swift in Sources */,
				C68183928E672A040932AC66 /* FolderEditorViewController.swift in Sources */,
				82DFB9F7C0214D4938F94885 /* FolderImportToastView.swift in Sources */,
				347A4983BF7344776E2E8B9E /* FolderListViewController.swift in Sources */,
				85DBE9AF9D1A55FBD3F39958 /* FolderPickerBottomSheet.swift in Sources */,
				6BDDD10584174781CBDE56D2 /* FolderStore.swift in Sources */,
				0913520E9DE22474F47178E9 /* FullScreenImageViewController.swift in Sources */,
				C58E6EF08FB2DF0094E7081E /* GlassActionSheet.swift in Sources */,
				96B8A9394E18D506D35043E7 /* GlassAlert.swift in Sources */,
				E3B2D65AC9E304579D35203C /* GlassView.swift in Sources */,
				AD58B3583A00CA5C492276CF /* GlobalSearchViewController.swift in Sources */,
				51FDB72F8BE313F3500D5D87 /* GradientBackgroundView.swift in Sources */,
				9336E195C0F6D1EBCBC84EB8 /* ImageAnnotationView.swift in Sources */,
				A406F0465B94FDFA7430E16B /* ImageCardCell.swift in Sources */,
				091D0EC24963764C8D143664 /* ImageCardDetailViewController.swift in Sources */,
				AA4FEC496D4EA9FE35E1F88F /* ImageCardEditorViewController.swift in Sources */,
				1BF2F81BA6F322A94CF8999B /* ImageCardOverviewViewController.swift in Sources */,
				FD36EA16A0144EDA394BB7F8 /* L10n.swift in Sources */,
				5FF8EC089219B0CCA4946409 /* LinkCardCell.swift in Sources */,
				9F1EBAFF3D91A5E71CB648CE /* LinkCardDetailViewController.swift in Sources */,
				F8C6E609AC44E68B0C0588DF /* LinkCardEditorViewController.swift in Sources */,
				7776FF268E95FC5F2072BAB9 /* LinkWebBottomSheetViewController.swift in Sources */,
				389A3BABD6F735C355471311 /* MainContainerViewController.swift in Sources */,
				E40B636E0E0AEC807A9FBD79 /* NoteCard.swift in Sources */,
				D81D07DC9B42AAD7CF09BDB0 /* NoteFormattingStrip.swift in Sources */,
				8CE890641F6C80DF1B777C9D /* NotePickerViewController.swift in Sources */,
				463DDE1D0E622F60DEE25408 /* Notification+FolderID.swift in Sources */,
				19FC0DE6C76347A29F15A803 /* PinCalloutView.swift in Sources */,
				A81528C63DBF3411F75342E4 /* PinListViewController.swift in Sources */,
				AF40BE05680485D247CE383F /* RecentPhotosPickerViewController.swift in Sources */,
				899F4F942DC38B00B82D3DB7 /* RecentlyDeletedViewController.swift in Sources */,
				D9BDBB5063B1C61A6CF841CF /* ReminderManager.swift in Sources */,
				9C6E796A7EBC8B0DDF542516 /* ReminderPickerViewController.swift in Sources */,
				19F7A5A39DC838597A38E2C4 /* SceneDelegate.swift in Sources */,
				FE4006D29B8BABBF107B77F2 /* TagStore.swift in Sources */,
				0D8AB2A38FD61C26A47F7853 /* TagsInputView.swift in Sources */,
				3F89CC6B59C5C9231123836A /* TasksViewController.swift in Sources */,
				6BCDC53EAD42F6E683446D72 /* TextCardCell.swift in Sources */,
				95C4A69B4CCDC065956ED4DA /* TextCardEditorViewController.swift in Sources */,
				C1873B42E3CC0E8DD4C15CB1 /* ThemeManager.swift in Sources */,
				0CF1639C195D572E2199D113 /* ThemePickerViewController.swift in Sources */,
				32F83AB21A3F4D84806A7CD6 /* TodayHeaderView.swift in Sources */,
				43F0B7DCFCA71814191E5739 /* TodayViewController.swift in Sources */,
				FDDCFEE794D1480520D9E440 /* TopTabBarView.swift in Sources */,
				5614B8CF87077638ACDF10C5 /* UICollectionViewCell+CardAnimation.swift in Sources */,
				B8E9C80C19C9F8B2E62C3085 /* UICollectionViewCell+Selection.swift in Sources */,
				1E295C1068A00192086AD7B3 /* UIViewController+Background.swift in Sources */,
				DD0BD355F2898F461E2DC411 /* UIViewController+Sheet.swift in Sources */,
				5C52F724E6D93D5ACA7ABFCE /* UndoToastView.swift in Sources */,
				427FA47A02CD12B7B7549C52 /* WaveBackgroundView.swift in Sources */,
				C5B00C6620FAB0E214A63DDC /* WeekCalendarView.swift in Sources */,
			);
			runOnlyForDeploymentPostprocessing = 0;
		};
		71900C3C708E9EB57F5B175B /* Sources */ = {
			isa = PBXSourcesBuildPhase;
			buildActionMask = 2147483647;
			files = (
				2CCC71FF999FF37DCAA1FAFD /* AppGroup.swift in Sources */,
				7F9846A70998F513892C8CE2 /* DayPinWidget.swift in Sources */,
				F20D82DC2A7F286EE5204A03 /* DayPinWidgetBundle.swift in Sources */,
			);
			runOnlyForDeploymentPostprocessing = 0;
		};
/* End PBXSourcesBuildPhase section */

/* Begin PBXTargetDependency section */
		28C53A4DACAA22F2AD7B635D /* PBXTargetDependency */ = {
			isa = PBXTargetDependency;
			target = D468055183346103EB13122B /* DayPinWidget */;
			targetProxy = 4048610E92A691C712548FEF /* PBXContainerItemProxy */;
		};
/* End PBXTargetDependency section */

/* Begin PBXVariantGroup section */
		C8BC0FB4722B455D6E28399B /* Localizable.strings */ = {
			isa = PBXVariantGroup;
			children = (
				CB27345B79A1478C6625C834 /* en */,
				2FBA069781B691309F807EDD /* ru */,
			);
			name = Localizable.strings;
			sourceTree = "<group>";
		};
/* End PBXVariantGroup section */

/* Begin XCBuildConfiguration section */
		4066BB5EB187663E10C15D3B /* Release */ = {
			isa = XCBuildConfiguration;
			buildSettings = {
				ALWAYS_SEARCH_USER_PATHS = NO;
				CLANG_ANALYZER_NONNULL = YES;
				CLANG_ANALYZER_NUMBER_OBJECT_CONVERSION = YES_AGGRESSIVE;
				CLANG_CXX_LANGUAGE_STANDARD = "gnu++14";
				CLANG_CXX_LIBRARY = "libc++";
				CLANG_ENABLE_MODULES = YES;
				CLANG_ENABLE_OBJC_ARC = YES;
				CLANG_ENABLE_OBJC_WEAK = YES;
				CLANG_WARN_BLOCK_CAPTURE_AUTORELEASING = YES;
				CLANG_WARN_BOOL_CONVERSION = YES;
				CLANG_WARN_COMMA = YES;
				CLANG_WARN_CONSTANT_CONVERSION = YES;
				CLANG_WARN_DEPRECATED_OBJC_IMPLEMENTATIONS = YES;
				CLANG_WARN_DIRECT_OBJC_ISA_USAGE = YES_ERROR;
				CLANG_WARN_DOCUMENTATION_COMMENTS = YES;
				CLANG_WARN_EMPTY_BODY = YES;
				CLANG_WARN_ENUM_CONVERSION = YES;
				CLANG_WARN_INFINITE_RECURSION = YES;
				CLANG_WARN_INT_CONVERSION = YES;
				CLANG_WARN_NON_LITERAL_NULL_CONVERSION = YES;
				CLANG_WARN_OBJC_IMPLICIT_RETAIN_SELF = YES;
				CLANG_WARN_OBJC_LITERAL_CONVERSION = YES;
				CLANG_WARN_OBJC_ROOT_CLASS = YES_ERROR;
				CLANG_WARN_QUOTED_INCLUDE_IN_FRAMEWORK_HEADER = YES;
				CLANG_WARN_RANGE_LOOP_ANALYSIS = YES;
				CLANG_WARN_STRICT_PROTOTYPES = YES;
				CLANG_WARN_SUSPICIOUS_MOVE = YES;
				CLANG_WARN_UNGUARDED_AVAILABILITY = YES_AGGRESSIVE;
				CLANG_WARN_UNREACHABLE_CODE = YES;
				CLANG_WARN__DUPLICATE_METHOD_MATCH = YES;
				COPY_PHASE_STRIP = NO;
				CURRENT_PROJECT_VERSION = 1;
				DEBUG_INFORMATION_FORMAT = "dwarf-with-dsym";
				ENABLE_NS_ASSERTIONS = NO;
				ENABLE_STRICT_OBJC_MSGSEND = YES;
				GCC_C_LANGUAGE_STANDARD = gnu11;
				GCC_NO_COMMON_BLOCKS = YES;
				GCC_WARN_64_TO_32_BIT_CONVERSION = YES;
				GCC_WARN_ABOUT_RETURN_TYPE = YES_ERROR;
				GCC_WARN_UNDECLARED_SELECTOR = YES;
				GCC_WARN_UNINITIALIZED_AUTOS = YES_AGGRESSIVE;
				GCC_WARN_UNUSED_FUNCTION = YES;
				GCC_WARN_UNUSED_VARIABLE = YES;
				IPHONEOS_DEPLOYMENT_TARGET = 15.0;
				MARKETING_VERSION = 1.0.0;
				MTL_ENABLE_DEBUG_INFO = NO;
				MTL_FAST_MATH = YES;
				PRODUCT_NAME = "$(TARGET_NAME)";
				SDKROOT = iphoneos;
				SWIFT_COMPILATION_MODE = wholemodule;
				SWIFT_OPTIMIZATION_LEVEL = "-O";
				SWIFT_VERSION = 5.9;
			};
			name = Release;
		};
		809197DB5BF82F8A5A36F738 /* Debug */ = {
			isa = XCBuildConfiguration;
			buildSettings = {
				CODE_SIGN_ENTITLEMENTS = DayPinWidget/DayPinWidget.entitlements;
				DEVELOPMENT_TEAM = LJZ97X76W9;
				INFOPLIST_FILE = DayPinWidget/Info.plist;
				IPHONEOS_DEPLOYMENT_TARGET = 17.0;
				LD_RUNPATH_SEARCH_PATHS = (
					"$(inherited)",
					"@executable_path/Frameworks",
					"@executable_path/../../Frameworks",
				);
				PRODUCT_BUNDLE_IDENTIFIER = com.daypin.app.widget;
				SDKROOT = iphoneos;
				SWIFT_VERSION = 5.9;
				TARGETED_DEVICE_FAMILY = "1,2";
			};
			name = Debug;
		};
		9B83D84DE8A6355FCD41493C /* Debug */ = {
			isa = XCBuildConfiguration;
			buildSettings = {
				ALWAYS_SEARCH_USER_PATHS = NO;
				CLANG_ANALYZER_NONNULL = YES;
				CLANG_ANALYZER_NUMBER_OBJECT_CONVERSION = YES_AGGRESSIVE;
				CLANG_CXX_LANGUAGE_STANDARD = "gnu++14";
				CLANG_CXX_LIBRARY = "libc++";
				CLANG_ENABLE_MODULES = YES;
				CLANG_ENABLE_OBJC_ARC = YES;
				CLANG_ENABLE_OBJC_WEAK = YES;
				CLANG_WARN_BLOCK_CAPTURE_AUTORELEASING = YES;
				CLANG_WARN_BOOL_CONVERSION = YES;
				CLANG_WARN_COMMA = YES;
				CLANG_WARN_CONSTANT_CONVERSION = YES;
				CLANG_WARN_DEPRECATED_OBJC_IMPLEMENTATIONS = YES;
				CLANG_WARN_DIRECT_OBJC_ISA_USAGE = YES_ERROR;
				CLANG_WARN_DOCUMENTATION_COMMENTS = YES;
				CLANG_WARN_EMPTY_BODY = YES;
				CLANG_WARN_ENUM_CONVERSION = YES;
				CLANG_WARN_INFINITE_RECURSION = YES;
				CLANG_WARN_INT_CONVERSION = YES;
				CLANG_WARN_NON_LITERAL_NULL_CONVERSION = YES;
				CLANG_WARN_OBJC_IMPLICIT_RETAIN_SELF = YES;
				CLANG_WARN_OBJC_LITERAL_CONVERSION = YES;
				CLANG_WARN_OBJC_ROOT_CLASS = YES_ERROR;
				CLANG_WARN_QUOTED_INCLUDE_IN_FRAMEWORK_HEADER = YES;
				CLANG_WARN_RANGE_LOOP_ANALYSIS = YES;
				CLANG_WARN_STRICT_PROTOTYPES = YES;
				CLANG_WARN_SUSPICIOUS_MOVE = YES;
				CLANG_WARN_UNGUARDED_AVAILABILITY = YES_AGGRESSIVE;
				CLANG_WARN_UNREACHABLE_CODE = YES;
				CLANG_WARN__DUPLICATE_METHOD_MATCH = YES;
				COPY_PHASE_STRIP = NO;
				CURRENT_PROJECT_VERSION = 1;
				DEBUG_INFORMATION_FORMAT = dwarf;
				ENABLE_STRICT_OBJC_MSGSEND = YES;
				ENABLE_TESTABILITY = YES;
				GCC_C_LANGUAGE_STANDARD = gnu11;
				GCC_DYNAMIC_NO_PIC = NO;
				GCC_NO_COMMON_BLOCKS = YES;
				GCC_OPTIMIZATION_LEVEL = 0;
				GCC_PREPROCESSOR_DEFINITIONS = (
					"$(inherited)",
					"DEBUG=1",
				);
				GCC_WARN_64_TO_32_BIT_CONVERSION = YES;
				GCC_WARN_ABOUT_RETURN_TYPE = YES_ERROR;
				GCC_WARN_UNDECLARED_SELECTOR = YES;
				GCC_WARN_UNINITIALIZED_AUTOS = YES_AGGRESSIVE;
				GCC_WARN_UNUSED_FUNCTION = YES;
				GCC_WARN_UNUSED_VARIABLE = YES;
				IPHONEOS_DEPLOYMENT_TARGET = 15.0;
				MARKETING_VERSION = 1.0.0;
				MTL_ENABLE_DEBUG_INFO = INCLUDE_SOURCE;
				MTL_FAST_MATH = YES;
				ONLY_ACTIVE_ARCH = YES;
				PRODUCT_NAME = "$(TARGET_NAME)";
				SDKROOT = iphoneos;
				SWIFT_ACTIVE_COMPILATION_CONDITIONS = DEBUG;
				SWIFT_OPTIMIZATION_LEVEL = "-Onone";
				SWIFT_VERSION = 5.9;
			};
			name = Debug;
		};
		CA81107318D840127DB4B7E6 /* Debug */ = {
			isa = XCBuildConfiguration;
			buildSettings = {
				ASSETCATALOG_COMPILER_APPICON_NAME = AppIcon;
				CODE_SIGN_ENTITLEMENTS = DayPin/DayPin.entitlements;
				CODE_SIGN_IDENTITY = "iPhone Developer";
				DEVELOPMENT_TEAM = LJZ97X76W9;
				INFOPLIST_FILE = DayPin/Info.plist;
				LD_RUNPATH_SEARCH_PATHS = (
					"$(inherited)",
					"@executable_path/Frameworks",
				);
				PRODUCT_BUNDLE_IDENTIFIER = com.daypin.app;
				SDKROOT = iphoneos;
				TARGETED_DEVICE_FAMILY = "1,2";
			};
			name = Debug;
		};
		CF1864BA3E7EF10ED8F026EA /* Release */ = {
			isa = XCBuildConfiguration;
			buildSettings = {
				ASSETCATALOG_COMPILER_APPICON_NAME = AppIcon;
				CODE_SIGN_ENTITLEMENTS = DayPin/DayPin.entitlements;
				CODE_SIGN_IDENTITY = "iPhone Developer";
				DEVELOPMENT_TEAM = LJZ97X76W9;
				INFOPLIST_FILE = DayPin/Info.plist;
				LD_RUNPATH_SEARCH_PATHS = (
					"$(inherited)",
					"@executable_path/Frameworks",
				);
				PRODUCT_BUNDLE_IDENTIFIER = com.daypin.app;
				SDKROOT = iphoneos;
				TARGETED_DEVICE_FAMILY = "1,2";
			};
			name = Release;
		};
		D532CDBE4B5D294ABFD0CBED /* Release */ = {
			isa = XCBuildConfiguration;
			buildSettings = {
				CODE_SIGN_ENTITLEMENTS = DayPinWidget/DayPinWidget.entitlements;
				DEVELOPMENT_TEAM = LJZ97X76W9;
				INFOPLIST_FILE = DayPinWidget/Info.plist;
				IPHONEOS_DEPLOYMENT_TARGET = 17.0;
				LD_RUNPATH_SEARCH_PATHS = (
					"$(inherited)",
					"@executable_path/Frameworks",
					"@executable_path/../../Frameworks",
				);
				PRODUCT_BUNDLE_IDENTIFIER = com.daypin.app.widget;
				SDKROOT = iphoneos;
				SWIFT_VERSION = 5.9;
				TARGETED_DEVICE_FAMILY = "1,2";
			};
			name = Release;
		};
/* End XCBuildConfiguration section */

/* Begin XCConfigurationList section */
		85EE647AB088CC55CDD4FB7A /* Build configuration list for PBXNativeTarget "DayPin" */ = {
			isa = XCConfigurationList;
			buildConfigurations = (
				CA81107318D840127DB4B7E6 /* Debug */,
				CF1864BA3E7EF10ED8F026EA /* Release */,
			);
			defaultConfigurationIsVisible = 0;
			defaultConfigurationName = Debug;
		};
		B2B246A212A2ADC09C5E68D7 /* Build configuration list for PBXNativeTarget "DayPinWidget" */ = {
			isa = XCConfigurationList;
			buildConfigurations = (
				809197DB5BF82F8A5A36F738 /* Debug */,
				D532CDBE4B5D294ABFD0CBED /* Release */,
			);
			defaultConfigurationIsVisible = 0;
			defaultConfigurationName = Debug;
		};
		C7D2A8DE2B1AF87B46A40774 /* Build configuration list for PBXProject "DayPin" */ = {
			isa = XCConfigurationList;
			buildConfigurations = (
				9B83D84DE8A6355FCD41493C /* Debug */,
				4066BB5EB187663E10C15D3B /* Release */,
			);
			defaultConfigurationIsVisible = 0;
			defaultConfigurationName = Debug;
		};
/* End XCConfigurationList section */

/* Begin XCRemoteSwiftPackageReference section */
		38A5386F0D9EC2B9255B4642 /* XCRemoteSwiftPackageReference "lottie-ios" */ = {
			isa = XCRemoteSwiftPackageReference;
			repositoryURL = "https://github.com/airbnb/lottie-ios";
			requirement = {
				kind = upToNextMajorVersion;
				minimumVersion = 4.4.0;
			};
		};
/* End XCRemoteSwiftPackageReference section */

/* Begin XCSwiftPackageProductDependency section */
		9E535E3104FAC5065C22F072 /* Lottie */ = {
			isa = XCSwiftPackageProductDependency;
			package = 38A5386F0D9EC2B9255B4642 /* XCRemoteSwiftPackageReference "lottie-ios" */;
			productName = Lottie;
		};
/* End XCSwiftPackageProductDependency section */
	};
	rootObject = 071A1774A6F619CE371DBBD0 /* Project object */;
}
